Microsoft Visual Studio Solution File, Format Version 12.00
# Visual Studio Version 16
VisualStudioVersion = 16.0.31313.79
MinimumVisualStudioVersion = 10.0.40219.1
Project("{9A19103F-16F7-4668-BE54-9A1E7A4F7556}") = "Lib9c", "Lib9c\Lib9c.csproj", "{246AD406-4D3E-409B-8F91-D316A8520CFC}"
EndProject
Project("{9A19103F-16F7-4668-BE54-9A1E7A4F7556}") = "Lib9c.Tests", ".Lib9c.Tests\Lib9c.Tests.csproj", "{737F362E-9F25-46B3-80F2-4E10D0BFAE39}"
EndProject
Project("{9A19103F-16F7-4668-BE54-9A1E7A4F7556}") = "Lib9c.Tools", ".Lib9c.Tools\Lib9c.Tools.csproj", "{3E08B733-4D8E-4289-BD9D-797253DE982C}"
EndProject
Project("{9A19103F-16F7-4668-BE54-9A1E7A4F7556}") = "Lib9c.Tools.Tests", ".Lib9c.Tools.Tests\Lib9c.Tools.Tests.csproj", "{451E155A-BD5F-4035-9DB0-7C561B1B7197}"
EndProject
Project("{2150E333-8FDC-42A3-9474-1A3956D46DE8}") = "Libplanet", "Libplanet", "{AFA609F0-8CAE-4494-A4E2-EABD9E95D678}"
EndProject
Project("{9A19103F-16F7-4668-BE54-9A1E7A4F7556}") = "Libplanet.Stun", ".Libplanet\Libplanet.Stun\Libplanet.Stun.csproj", "{6126D57A-F079-4B07-B1E4-531630DCCDBF}"
EndProject
Project("{9A19103F-16F7-4668-BE54-9A1E7A4F7556}") = "Libplanet", ".Libplanet\Libplanet\Libplanet.csproj", "{5C9F5F97-367E-4F8B-A123-D9AADE786CA1}"
EndProject
Project("{9A19103F-16F7-4668-BE54-9A1E7A4F7556}") = "Libplanet.Analyzers", ".Libplanet\Libplanet.Analyzers\Libplanet.Analyzers.csproj", "{659722A9-132F-4B41-87BC-1B56A97A98FA}"
EndProject
Project("{9A19103F-16F7-4668-BE54-9A1E7A4F7556}") = "Lib9c.Benchmarks", ".Lib9c.Benchmarks\Lib9c.Benchmarks.csproj", "{9EB7458F-FD90-4719-A3B6-FBC678BC43D8}"
EndProject
Project("{9A19103F-16F7-4668-BE54-9A1E7A4F7556}") = "Libplanet.RocksDBStore", ".Libplanet\Libplanet.RocksDBStore\Libplanet.RocksDBStore.csproj", "{17AAB5B1-695B-4597-8B36-1DF5012EE686}"
EndProject
Project("{2150E333-8FDC-42A3-9474-1A3956D46DE8}") = "Solution Items", "Solution Items", "{6BFB8C34-37DB-4FA1-9565-DA1B8BF8CF6C}"
	ProjectSection(SolutionItems) = preProject
		.editorconfig = .editorconfig
	EndProjectSection
EndProject
Project("{FAE04EC0-301F-11D3-BF4B-00C04F79EFBC}") = "Lib9c.DevExtensions", "Lib9c.DevExtensions\Lib9c.DevExtensions.csproj", "{90723E02-D1AD-462F-B285-DA62E030AB3B}"
EndProject
Project("{FAE04EC0-301F-11D3-BF4B-00C04F79EFBC}") = "Lib9c.DevExtensions.Tests", ".Lib9c.DevExtensions.Tests\Lib9c.DevExtensions.Tests.csproj", "{805D6BE8-E2CC-46CB-B503-2A114064432C}"
EndProject
Project("{FAE04EC0-301F-11D3-BF4B-00C04F79EFBC}") = "Libplanet.Net", ".Libplanet\Libplanet.Net\Libplanet.Net.csproj", "{E879E951-62DF-4682-B78D-7E8A7165B58B}"
EndProject
Global
	GlobalSection(SolutionConfigurationPlatforms) = preSolution
		Debug|Any CPU = Debug|Any CPU
		Release|Any CPU = Release|Any CPU
	EndGlobalSection
	GlobalSection(ProjectConfigurationPlatforms) = postSolution
		{246AD406-4D3E-409B-8F91-D316A8520CFC}.Debug|Any CPU.ActiveCfg = Debug|Any CPU
		{246AD406-4D3E-409B-8F91-D316A8520CFC}.Debug|Any CPU.Build.0 = Debug|Any CPU
		{246AD406-4D3E-409B-8F91-D316A8520CFC}.Release|Any CPU.ActiveCfg = Release|Any CPU
		{246AD406-4D3E-409B-8F91-D316A8520CFC}.Release|Any CPU.Build.0 = Release|Any CPU
		{737F362E-9F25-46B3-80F2-4E10D0BFAE39}.Debug|Any CPU.ActiveCfg = Debug|Any CPU
		{737F362E-9F25-46B3-80F2-4E10D0BFAE39}.Debug|Any CPU.Build.0 = Debug|Any CPU
		{737F362E-9F25-46B3-80F2-4E10D0BFAE39}.Release|Any CPU.ActiveCfg = Release|Any CPU
		{737F362E-9F25-46B3-80F2-4E10D0BFAE39}.Release|Any CPU.Build.0 = Release|Any CPU
		{3E08B733-4D8E-4289-BD9D-797253DE982C}.Debug|Any CPU.ActiveCfg = Debug|Any CPU
		{3E08B733-4D8E-4289-BD9D-797253DE982C}.Debug|Any CPU.Build.0 = Debug|Any CPU
		{3E08B733-4D8E-4289-BD9D-797253DE982C}.Release|Any CPU.ActiveCfg = Release|Any CPU
		{3E08B733-4D8E-4289-BD9D-797253DE982C}.Release|Any CPU.Build.0 = Release|Any CPU
		{451E155A-BD5F-4035-9DB0-7C561B1B7197}.Debug|Any CPU.ActiveCfg = Debug|Any CPU
		{451E155A-BD5F-4035-9DB0-7C561B1B7197}.Debug|Any CPU.Build.0 = Debug|Any CPU
		{451E155A-BD5F-4035-9DB0-7C561B1B7197}.Release|Any CPU.ActiveCfg = Release|Any CPU
		{451E155A-BD5F-4035-9DB0-7C561B1B7197}.Release|Any CPU.Build.0 = Release|Any CPU
		{6126D57A-F079-4B07-B1E4-531630DCCDBF}.Debug|Any CPU.ActiveCfg = Debug|Any CPU
		{6126D57A-F079-4B07-B1E4-531630DCCDBF}.Debug|Any CPU.Build.0 = Debug|Any CPU
		{6126D57A-F079-4B07-B1E4-531630DCCDBF}.Release|Any CPU.ActiveCfg = Release|Any CPU
		{6126D57A-F079-4B07-B1E4-531630DCCDBF}.Release|Any CPU.Build.0 = Release|Any CPU
		{5C9F5F97-367E-4F8B-A123-D9AADE786CA1}.Debug|Any CPU.ActiveCfg = Debug|Any CPU
		{5C9F5F97-367E-4F8B-A123-D9AADE786CA1}.Debug|Any CPU.Build.0 = Debug|Any CPU
		{5C9F5F97-367E-4F8B-A123-D9AADE786CA1}.Release|Any CPU.ActiveCfg = Release|Any CPU
		{5C9F5F97-367E-4F8B-A123-D9AADE786CA1}.Release|Any CPU.Build.0 = Release|Any CPU
		{659722A9-132F-4B41-87BC-1B56A97A98FA}.Debug|Any CPU.ActiveCfg = Debug|Any CPU
		{659722A9-132F-4B41-87BC-1B56A97A98FA}.Debug|Any CPU.Build.0 = Debug|Any CPU
		{659722A9-132F-4B41-87BC-1B56A97A98FA}.Release|Any CPU.ActiveCfg = Release|Any CPU
		{659722A9-132F-4B41-87BC-1B56A97A98FA}.Release|Any CPU.Build.0 = Release|Any CPU
		{9EB7458F-FD90-4719-A3B6-FBC678BC43D8}.Debug|Any CPU.ActiveCfg = Debug|Any CPU
		{9EB7458F-FD90-4719-A3B6-FBC678BC43D8}.Debug|Any CPU.Build.0 = Debug|Any CPU
		{9EB7458F-FD90-4719-A3B6-FBC678BC43D8}.Release|Any CPU.ActiveCfg = Release|Any CPU
		{9EB7458F-FD90-4719-A3B6-FBC678BC43D8}.Release|Any CPU.Build.0 = Release|Any CPU
		{17AAB5B1-695B-4597-8B36-1DF5012EE686}.Debug|Any CPU.ActiveCfg = Debug|Any CPU
		{17AAB5B1-695B-4597-8B36-1DF5012EE686}.Debug|Any CPU.Build.0 = Debug|Any CPU
		{17AAB5B1-695B-4597-8B36-1DF5012EE686}.Release|Any CPU.ActiveCfg = Release|Any CPU
		{17AAB5B1-695B-4597-8B36-1DF5012EE686}.Release|Any CPU.Build.0 = Release|Any CPU
		{90723E02-D1AD-462F-B285-DA62E030AB3B}.Debug|Any CPU.ActiveCfg = Debug|Any CPU
		{90723E02-D1AD-462F-B285-DA62E030AB3B}.Debug|Any CPU.Build.0 = Debug|Any CPU
		{90723E02-D1AD-462F-B285-DA62E030AB3B}.Release|Any CPU.ActiveCfg = Release|Any CPU
		{90723E02-D1AD-462F-B285-DA62E030AB3B}.Release|Any CPU.Build.0 = Release|Any CPU
		{805D6BE8-E2CC-46CB-B503-2A114064432C}.Debug|Any CPU.ActiveCfg = Debug|Any CPU
		{805D6BE8-E2CC-46CB-B503-2A114064432C}.Debug|Any CPU.Build.0 = Debug|Any CPU
		{805D6BE8-E2CC-46CB-B503-2A114064432C}.Release|Any CPU.ActiveCfg = Release|Any CPU
		{805D6BE8-E2CC-46CB-B503-2A114064432C}.Release|Any CPU.Build.0 = Release|Any CPU
		{E879E951-62DF-4682-B78D-7E8A7165B58B}.Debug|Any CPU.ActiveCfg = Debug|Any CPU
		{E879E951-62DF-4682-B78D-7E8A7165B58B}.Debug|Any CPU.Build.0 = Debug|Any CPU
		{E879E951-62DF-4682-B78D-7E8A7165B58B}.Release|Any CPU.ActiveCfg = Release|Any CPU
		{E879E951-62DF-4682-B78D-7E8A7165B58B}.Release|Any CPU.Build.0 = Release|Any CPU
	EndGlobalSection
	GlobalSection(SolutionProperties) = preSolution
		HideSolutionNode = FALSE
	EndGlobalSection
	GlobalSection(NestedProjects) = preSolution
		{6126D57A-F079-4B07-B1E4-531630DCCDBF} = {AFA609F0-8CAE-4494-A4E2-EABD9E95D678}
		{5C9F5F97-367E-4F8B-A123-D9AADE786CA1} = {AFA609F0-8CAE-4494-A4E2-EABD9E95D678}
		{659722A9-132F-4B41-87BC-1B56A97A98FA} = {AFA609F0-8CAE-4494-A4E2-EABD9E95D678}
		{17AAB5B1-695B-4597-8B36-1DF5012EE686} = {AFA609F0-8CAE-4494-A4E2-EABD9E95D678}
		{E879E951-62DF-4682-B78D-7E8A7165B58B} = {AFA609F0-8CAE-4494-A4E2-EABD9E95D678}
	EndGlobalSection
	GlobalSection(ExtensibilityGlobals) = postSolution
		SolutionGuid = {547C7D6E-6301-4BB4-AEF7-979CD504D913}
	EndGlobalSection
EndGlobal
