
Microsoft Visual Studio Solution File, Format Version 12.00
# Visual Studio 15
VisualStudioVersion = 15.0.26124.0
MinimumVisualStudioVersion = 15.0.26124.0
Project("{FAE04EC0-301F-11D3-BF4B-00C04F79EFBC}") = "Launcher", "Launcher\Launcher.csproj", "{2F127F9F-C4C2-418F-9CA7-516040275BE0}"
EndProject
Project("{FAE04EC0-301F-11D3-BF4B-00C04F79EFBC}") = "Launcher.Common", "Launcher.Common\Launcher.Common.csproj", "{5E1943E4-7796-41B8-9582-FD46D38094DA}"
EndProject
Project("{FAE04EC0-301F-11D3-BF4B-00C04F79EFBC}") = "Launcher.Updater", "Launcher.Updater\Launcher.Updater.csproj", "{E6C69521-A8F8-4B90-8661-D5CA7B4647E3}"
EndProject
Global
	GlobalSection(SolutionConfigurationPlatforms) = preSolution
		Debug|Any CPU = Debug|Any CPU
		Debug|x64 = Debug|x64
		Debug|x86 = Debug|x86
		Release|Any CPU = Release|Any CPU
		Release|x64 = Release|x64
		Release|x86 = Release|x86
	EndGlobalSection
	GlobalSection(SolutionProperties) = preSolution
		HideSolutionNode = FALSE
	EndGlobalSection
	GlobalSection(ProjectConfigurationPlatforms) = postSolution
		{2F127F9F-C4C2-418F-9CA7-516040275BE0}.Debug|Any CPU.ActiveCfg = Debug|Any CPU
		{2F127F9F-C4C2-418F-9CA7-516040275BE0}.Debug|Any CPU.Build.0 = Debug|Any CPU
		{2F127F9F-C4C2-418F-9CA7-516040275BE0}.Debug|x64.ActiveCfg = Debug|Any CPU
		{2F127F9F-C4C2-418F-9CA7-516040275BE0}.Debug|x64.Build.0 = Debug|Any CPU
		{2F127F9F-C4C2-418F-9CA7-516040275BE0}.Debug|x86.ActiveCfg = Debug|Any CPU
		{2F127F9F-C4C2-418F-9CA7-516040275BE0}.Debug|x86.Build.0 = Debug|Any CPU
		{2F127F9F-C4C2-418F-9CA7-516040275BE0}.Release|Any CPU.ActiveCfg = Release|Any CPU
		{2F127F9F-C4C2-418F-9CA7-516040275BE0}.Release|Any CPU.Build.0 = Release|Any CPU
		{2F127F9F-C4C2-418F-9CA7-516040275BE0}.Release|x64.ActiveCfg = Release|Any CPU
		{2F127F9F-C4C2-418F-9CA7-516040275BE0}.Release|x64.Build.0 = Release|Any CPU
		{2F127F9F-C4C2-418F-9CA7-516040275BE0}.Release|x86.ActiveCfg = Release|Any CPU
		{2F127F9F-C4C2-418F-9CA7-516040275BE0}.Release|x86.Build.0 = Release|Any CPU
		{5E1943E4-7796-41B8-9582-FD46D38094DA}.Debug|Any CPU.ActiveCfg = Debug|Any CPU
		{5E1943E4-7796-41B8-9582-FD46D38094DA}.Debug|Any CPU.Build.0 = Debug|Any CPU
		{5E1943E4-7796-41B8-9582-FD46D38094DA}.Debug|x64.ActiveCfg = Debug|Any CPU
		{5E1943E4-7796-41B8-9582-FD46D38094DA}.Debug|x64.Build.0 = Debug|Any CPU
		{5E1943E4-7796-41B8-9582-FD46D38094DA}.Debug|x86.ActiveCfg = Debug|Any CPU
		{5E1943E4-7796-41B8-9582-FD46D38094DA}.Debug|x86.Build.0 = Debug|Any CPU
		{5E1943E4-7796-41B8-9582-FD46D38094DA}.Release|Any CPU.ActiveCfg = Release|Any CPU
		{5E1943E4-7796-41B8-9582-FD46D38094DA}.Release|Any CPU.Build.0 = Release|Any CPU
		{5E1943E4-7796-41B8-9582-FD46D38094DA}.Release|x64.ActiveCfg = Release|Any CPU
		{5E1943E4-7796-41B8-9582-FD46D38094DA}.Release|x64.Build.0 = Release|Any CPU
		{5E1943E4-7796-41B8-9582-FD46D38094DA}.Release|x86.ActiveCfg = Release|Any CPU
		{5E1943E4-7796-41B8-9582-FD46D38094DA}.Release|x86.Build.0 = Release|Any CPU
		{E6C69521-A8F8-4B90-8661-D5CA7B4647E3}.Debug|Any CPU.ActiveCfg = Debug|Any CPU
		{E6C69521-A8F8-4B90-8661-D5CA7B4647E3}.Debug|Any CPU.Build.0 = Debug|Any CPU
		{E6C69521-A8F8-4B90-8661-D5CA7B4647E3}.Debug|x64.ActiveCfg = Debug|Any CPU
		{E6C69521-A8F8-4B90-8661-D5CA7B4647E3}.Debug|x64.Build.0 = Debug|Any CPU
		{E6C69521-A8F8-4B90-8661-D5CA7B4647E3}.Debug|x86.ActiveCfg = Debug|Any CPU
		{E6C69521-A8F8-4B90-8661-D5CA7B4647E3}.Debug|x86.Build.0 = Debug|Any CPU
		{E6C69521-A8F8-4B90-8661-D5CA7B4647E3}.Release|Any CPU.ActiveCfg = Release|Any CPU
		{E6C69521-A8F8-4B90-8661-D5CA7B4647E3}.Release|Any CPU.Build.0 = Release|Any CPU
		{E6C69521-A8F8-4B90-8661-D5CA7B4647E3}.Release|x64.ActiveCfg = Release|Any CPU
		{E6C69521-A8F8-4B90-8661-D5CA7B4647E3}.Release|x64.Build.0 = Release|Any CPU
		{E6C69521-A8F8-4B90-8661-D5CA7B4647E3}.Release|x86.ActiveCfg = Release|Any CPU
		{E6C69521-A8F8-4B90-8661-D5CA7B4647E3}.Release|x86.Build.0 = Release|Any CPU
	EndGlobalSection
EndGlobal
